github.com/hslam/mmap v1.0.0 h1:GSp55lZrPDhctob3yE0SqESBjzgCn9cP4iu4Pmmm+gE=
github.com/hslam/mmap v1.0.0/go.mod h1:mtuj54WoaupC65QteY9RubXVPkQT86Q/Xj0WPzRefFw=
github.com/hslam/netpoll v0.0.2 h1:mzdK0qocjWDzK51ED3kvKvKQBOT9jSwJisLfVapegk0=
github.com/hslam/netpoll v0.0.2/go.mod h1:SlOdxCP03SlA5HWtq5vuVGtDG1UR42CCEv6MSnregQg=
github.com/hslam/request v0.0.1 h1:e/ZiC2jqrxrjGHBjYB8iEMAbBASl+l0/JtO4TaJY1p0=
github.com/hslam/request v0.0.1/go.mod h1:IAd//fhhTeA+hw73GdFOMQfvP5zeQjki9KZKAYcBhEI=
github.com/hslam/response v0.0.1 h1:XpoJuehNJkOoafsrdbkptPW8w98AuHW5YGY0fkqDM4I=
github.com/hslam/response v0.0.1/go.mod h1:JXn4BTA/vEUe7+Q1+T/75xrJJiDGWMdDoTL2pbEHScM=
github.com/hslam/sendfile v1.0.0 h1:kAOsxqvTyHseaUC7smR6uqpKQFFkuizhEtVITuluxn0=
github.com/hslam/sendfile v1.0.0/go.mod h1:IVInXNh7ccvv6fdFkcC3gRGCH7E+fRsTlyBnftCAk5A=
github.com/hslam/splice v1.0.1 h1:kaSQzUWm6t0bkQKLw4BT77+Z0G/0cacGAj9lxQjw26c=
github.com/hslam/splice v1.0.1/go.mod h1:7D1QlFptoG0ruXzcAwpzckKxUN4+ZpvrIhwfbcAQcx8=
